
Microsoft Visual Studio Solution File, Format Version 12.00
# Visual Studio Version 17
VisualStudioVersion = 17.14.36623.8
MinimumVisualStudioVersion = 10.0.40219.1
Project("{FAE04EC0-301F-11D3-BF4B-00C04F79EFBC}") = "API", "API\API.csproj", "{BD407972-1619-425D-9E26-9DC95587F899}"
EndProject
Project("{FAE04EC0-301F-11D3-BF4B-00C04F79EFBC}") = "App.Managers", "App.Manager\App.Managers.csproj", "{628D7216-FD9E-414D-B736-6AEDD558A504}"
EndProject
Project("{FAE04EC0-301F-11D3-BF4B-00C04F79EFBC}") = "App.Entities", "App.Entities\App.Entities.csproj", "{12EC9865-D617-4EA5-A807-DC06578D646B}"
EndProject
Project("{FAE04EC0-301F-11D3-BF4B-00C04F79EFBC}") = "App.Repositories", "App.Repositories\App.Repositories.csproj", "{4FB86555-8C8A-4A18-9E5D-F002B138FDBD}"
EndProject
Global
	GlobalSection(SolutionConfigurationPlatforms) = preSolution
		Debug|Any CPU = Debug|Any CPU
		Release|Any CPU = Release|Any CPU
	EndGlobalSection
	GlobalSection(ProjectConfigurationPlatforms) = postSolution
		{BD407972-1619-425D-9E26-9DC95587F899}.Debug|Any CPU.ActiveCfg = Debug|Any CPU
		{BD407972-1619-425D-9E26-9DC95587F899}.Debug|Any CPU.Build.0 = Debug|Any CPU
		{BD407972-1619-425D-9E26-9DC95587F899}.Release|Any CPU.ActiveCfg = Release|Any CPU
		{BD407972-1619-425D-9E26-9DC95587F899}.Release|Any CPU.Build.0 = Release|Any CPU
		{628D7216-FD9E-414D-B736-6AEDD558A504}.Debug|Any CPU.ActiveCfg = Debug|Any CPU
		{628D7216-FD9E-414D-B736-6AEDD558A504}.Debug|Any CPU.Build.0 = Debug|Any CPU
		{628D7216-FD9E-414D-B736-6AEDD558A504}.Release|Any CPU.ActiveCfg = Release|Any CPU
		{628D7216-FD9E-414D-B736-6AEDD558A504}.Release|Any CPU.Build.0 = Release|Any CPU
		{12EC9865-D617-4EA5-A807-DC06578D646B}.Debug|Any CPU.ActiveCfg = Debug|Any CPU
		{12EC9865-D617-4EA5-A807-DC06578D646B}.Debug|Any CPU.Build.0 = Debug|Any CPU
		{12EC9865-D617-4EA5-A807-DC06578D646B}.Release|Any CPU.ActiveCfg = Release|Any CPU
		{12EC9865-D617-4EA5-A807-DC06578D646B}.Release|Any CPU.Build.0 = Release|Any CPU
		{4FB86555-8C8A-4A18-9E5D-F002B138FDBD}.Debug|Any CPU.ActiveCfg = Debug|Any CPU
		{4FB86555-8C8A-4A18-9E5D-F002B138FDBD}.Debug|Any CPU.Build.0 = Debug|Any CPU
		{4FB86555-8C8A-4A18-9E5D-F002B138FDBD}.Release|Any CPU.ActiveCfg = Release|Any CPU
		{4FB86555-8C8A-4A18-9E5D-F002B138FDBD}.Release|Any CPU.Build.0 = Release|Any CPU
	EndGlobalSection
	GlobalSection(SolutionProperties) = preSolution
		HideSolutionNode = FALSE
	EndGlobalSection
	GlobalSection(ExtensibilityGlobals) = postSolution
		SolutionGuid = {EC704DF1-E31E-4869-9782-1CEE568E1765}
	EndGlobalSection
EndGlobal
